PODS:
  - AMap3DMap (3.2.1)
  - AMapLocation (1.0.1)
  - AMapSearch (3.1.0)

DEPENDENCIES:
  - AMap3DMap
  - AMapLocation
  - AMapSearch

SPEC CHECKSUMS:
  AMap3DMap: 1f179c4fc41a60e42243466eb188e3be946aa163
  AMapLocation: d33782bd102563aae1824cb4fae8b4495376f016
  AMapSearch: aa7621ae8aec9cb8df116710b26e3fe3d09dc0ff

COCOAPODS: 0.39.0
